
Microsoft Visual Studio Solution File, Format Version 12.00
# Visual Studio 2012
Project("{FAE04EC0-301F-11D3-BF4B-00C04F79EFBC}") = "Snarf", "Snarf.csproj", "{A74404F2-5664-4C75-BB06-0D1BB0292B60}"
EndProject
Project("{2150E333-8FDC-42A3-9474-1A3956D46DE8}") = "Solution Items", "Solution Items", "{24F6E643-0126-4DA9-B2C2-4C7B5983EE9D}"
	ProjectSection(SolutionItems) = preProject
		..\LICENSE = ..\LICENSE
		..\README.md = ..\README.md
	EndProjectSection
EndProject
Project("{FAE04EC0-301F-11D3-BF4B-00C04F79EFBC}") = "Shellscape.Common", "..\External\Shellscape.Common\Shellscape.Common\Shellscape.Common.csproj", "{F7F1F64D-F6CD-42A9-B167-546E4EA31463}"
EndProject
Project("{FAE04EC0-301F-11D3-BF4B-00C04F79EFBC}") = "Windows API", "..\External\Shellscape.Common\Microsoft\Windows API\Windows API.csproj", "{B20A1853-BDC5-47D5-9369-3999BBD7F516}"
EndProject
Global
	GlobalSection(SolutionConfigurationPlatforms) = preSolution
		Debug|Any CPU = Debug|Any CPU
		Release|Any CPU = Release|Any CPU
	EndGlobalSection
	GlobalSection(ProjectConfigurationPlatforms) = postSolution
		{A74404F2-5664-4C75-BB06-0D1BB0292B60}.Debug|Any CPU.ActiveCfg = Debug|Any CPU
		{A74404F2-5664-4C75-BB06-0D1BB0292B60}.Debug|Any CPU.Build.0 = Debug|Any CPU
		{A74404F2-5664-4C75-BB06-0D1BB0292B60}.Release|Any CPU.ActiveCfg = Release|Any CPU
		{A74404F2-5664-4C75-BB06-0D1BB0292B60}.Release|Any CPU.Build.0 = Release|Any CPU
		{F7F1F64D-F6CD-42A9-B167-546E4EA31463}.Debug|Any CPU.ActiveCfg = Debug|Any CPU
		{F7F1F64D-F6CD-42A9-B167-546E4EA31463}.Debug|Any CPU.Build.0 = Debug|Any CPU
		{F7F1F64D-F6CD-42A9-B167-546E4EA31463}.Release|Any CPU.ActiveCfg = Release|Any CPU
		{F7F1F64D-F6CD-42A9-B167-546E4EA31463}.Release|Any CPU.Build.0 = Release|Any CPU
		{B20A1853-BDC5-47D5-9369-3999BBD7F516}.Debug|Any CPU.ActiveCfg = Debug|Any CPU
		{B20A1853-BDC5-47D5-9369-3999BBD7F516}.Debug|Any CPU.Build.0 = Debug|Any CPU
		{B20A1853-BDC5-47D5-9369-3999BBD7F516}.Release|Any CPU.ActiveCfg = Release|Any CPU
		{B20A1853-BDC5-47D5-9369-3999BBD7F516}.Release|Any CPU.Build.0 = Release|Any CPU
	EndGlobalSection
	GlobalSection(SolutionProperties) = preSolution
		HideSolutionNode = FALSE
	EndGlobalSection
EndGlobal
